
Microsoft Visual Studio Solution File, Format Version 12.00
# Visual Studio 15
VisualStudioVersion = 15.0.26430.4
MinimumVisualStudioVersion = 10.0.40219.1
Project("{FAE04EC0-301F-11D3-BF4B-00C04F79EFBC}") = "PlayHard", "PlayHard\PlayHard\PlayHard.csproj", "{B8DC64A3-4507-458B-8C5E-CF697EB182BE}"
EndProject
Project("{FAE04EC0-301F-11D3-BF4B-00C04F79EFBC}") = "PlayHard.Android", "PlayHard\PlayHard.Android\PlayHard.Android.csproj", "{B64DC8B9-769A-4846-9B2B-1CE04A4BD85C}"
EndProject
Project("{FAE04EC0-301F-11D3-BF4B-00C04F79EFBC}") = "PlayHard.iOS", "PlayHard\PlayHard.iOS\PlayHard.iOS.csproj", "{F686BE7B-6ABC-436F-A75D-9725BB0BD419}"
EndProject
Global
	GlobalSection(SolutionConfigurationPlatforms) = preSolution
		Debug|Any CPU = Debug|Any CPU
		Debug|iPhone = Debug|iPhone
		Debug|iPhoneSimulator = Debug|iPhoneSimulator
		Release|Any CPU = Release|Any CPU
		Release|iPhone = Release|iPhone
		Release|iPhoneSimulator = Release|iPhoneSimulator
	EndGlobalSection
	GlobalSection(ProjectConfigurationPlatforms) = postSolution
		{B8DC64A3-4507-458B-8C5E-CF697EB182BE}.Debug|Any CPU.ActiveCfg = Debug|Any CPU
		{B8DC64A3-4507-458B-8C5E-CF697EB182BE}.Debug|Any CPU.Build.0 = Debug|Any CPU
		{B8DC64A3-4507-458B-8C5E-CF697EB182BE}.Debug|iPhone.ActiveCfg = Debug|Any CPU
		{B8DC64A3-4507-458B-8C5E-CF697EB182BE}.Debug|iPhone.Build.0 = Debug|Any CPU
		{B8DC64A3-4507-458B-8C5E-CF697EB182BE}.Debug|iPhoneSimulator.ActiveCfg = Debug|Any CPU
		{B8DC64A3-4507-458B-8C5E-CF697EB182BE}.Debug|iPhoneSimulator.Build.0 = Debug|Any CPU
		{B8DC64A3-4507-458B-8C5E-CF697EB182BE}.Release|Any CPU.ActiveCfg = Release|Any CPU
		{B8DC64A3-4507-458B-8C5E-CF697EB182BE}.Release|Any CPU.Build.0 = Release|Any CPU
		{B8DC64A3-4507-458B-8C5E-CF697EB182BE}.Release|iPhone.ActiveCfg = Release|Any CPU
		{B8DC64A3-4507-458B-8C5E-CF697EB182BE}.Release|iPhone.Build.0 = Release|Any CPU
		{B8DC64A3-4507-458B-8C5E-CF697EB182BE}.Release|iPhoneSimulator.ActiveCfg = Release|Any CPU
		{B8DC64A3-4507-458B-8C5E-CF697EB182BE}.Release|iPhoneSimulator.Build.0 = Release|Any CPU
		{B64DC8B9-769A-4846-9B2B-1CE04A4BD85C}.Debug|Any CPU.ActiveCfg = Debug|Any CPU
		{B64DC8B9-769A-4846-9B2B-1CE04A4BD85C}.Debug|Any CPU.Build.0 = Debug|Any CPU
		{B64DC8B9-769A-4846-9B2B-1CE04A4BD85C}.Debug|Any CPU.Deploy.0 = Debug|Any CPU
		{B64DC8B9-769A-4846-9B2B-1CE04A4BD85C}.Debug|iPhone.ActiveCfg = Debug|Any CPU
		{B64DC8B9-769A-4846-9B2B-1CE04A4BD85C}.Debug|iPhone.Build.0 = Debug|Any CPU
		{B64DC8B9-769A-4846-9B2B-1CE04A4BD85C}.Debug|iPhone.Deploy.0 = Debug|Any CPU
		{B64DC8B9-769A-4846-9B2B-1CE04A4BD85C}.Debug|iPhoneSimulator.ActiveCfg = Debug|Any CPU
		{B64DC8B9-769A-4846-9B2B-1CE04A4BD85C}.Debug|iPhoneSimulator.Build.0 = Debug|Any CPU
		{B64DC8B9-769A-4846-9B2B-1CE04A4BD85C}.Debug|iPhoneSimulator.Deploy.0 = Debug|Any CPU
		{B64DC8B9-769A-4846-9B2B-1CE04A4BD85C}.Release|Any CPU.ActiveCfg = Release|Any CPU
		{B64DC8B9-769A-4846-9B2B-1CE04A4BD85C}.Release|Any CPU.Build.0 = Release|Any CPU
		{B64DC8B9-769A-4846-9B2B-1CE04A4BD85C}.Release|Any CPU.Deploy.0 = Release|Any CPU
		{B64DC8B9-769A-4846-9B2B-1CE04A4BD85C}.Release|iPhone.ActiveCfg = Release|Any CPU
		{B64DC8B9-769A-4846-9B2B-1CE04A4BD85C}.Release|iPhone.Build.0 = Release|Any CPU
		{B64DC8B9-769A-4846-9B2B-1CE04A4BD85C}.Release|iPhone.Deploy.0 = Release|Any CPU
		{B64DC8B9-769A-4846-9B2B-1CE04A4BD85C}.Release|iPhoneSimulator.ActiveCfg = Release|Any CPU
		{B64DC8B9-769A-4846-9B2B-1CE04A4BD85C}.Release|iPhoneSimulator.Build.0 = Release|Any CPU
		{B64DC8B9-769A-4846-9B2B-1CE04A4BD85C}.Release|iPhoneSimulator.Deploy.0 = Release|Any CPU
		{F686BE7B-6ABC-436F-A75D-9725BB0BD419}.Debug|Any CPU.ActiveCfg = Debug|iPhone
		{F686BE7B-6ABC-436F-A75D-9725BB0BD419}.Debug|iPhone.ActiveCfg = Debug|iPhone
		{F686BE7B-6ABC-436F-A75D-9725BB0BD419}.Debug|iPhone.Build.0 = Debug|iPhone
		{F686BE7B-6ABC-436F-A75D-9725BB0BD419}.Debug|iPhoneSimulator.ActiveCfg = Debug|iPhoneSimulator
		{F686BE7B-6ABC-436F-A75D-9725BB0BD419}.Debug|iPhoneSimulator.Build.0 = Debug|iPhoneSimulator
		{F686BE7B-6ABC-436F-A75D-9725BB0BD419}.Release|Any CPU.ActiveCfg = Release|iPhone
		{F686BE7B-6ABC-436F-A75D-9725BB0BD419}.Release|iPhone.ActiveCfg = Release|iPhone
		{F686BE7B-6ABC-436F-A75D-9725BB0BD419}.Release|iPhone.Build.0 = Release|iPhone
		{F686BE7B-6ABC-436F-A75D-9725BB0BD419}.Release|iPhoneSimulator.ActiveCfg = Release|iPhoneSimulator
		{F686BE7B-6ABC-436F-A75D-9725BB0BD419}.Release|iPhoneSimulator.Build.0 = Release|iPhoneSimulator
	EndGlobalSection
	GlobalSection(SolutionProperties) = preSolution
		HideSolutionNode = FALSE
	EndGlobalSection
EndGlobal
